
Microsoft Visual Studio Solution File, Format Version 12.00
# Visual Studio Version 17
VisualStudioVersion = 17.0.31903.59
MinimumVisualStudioVersion = 10.0.40219.1
Project("{FAE04EC0-301F-11D3-BF4B-00C04F79EFBC}") = "WeatherService.Api", "WeatherService.Api\WeatherService.Api.csproj", "{D46D054D-1476-48C1-A479-3BF575F5DD7C}"
EndProject
Project("{FAE04EC0-301F-11D3-BF4B-00C04F79EFBC}") = "WeatherService.Core", "WeatherService.Core\WeatherService.Core.csproj", "{9C366F36-7E69-4B60-992D-3E4062191F47}"
EndProject
Project("{FAE04EC0-301F-11D3-BF4B-00C04F79EFBC}") = "WeatherService.Infrastructure", "WeatherService.Infrastructure\WeatherService.Infrastructure.csproj", "{50B9786A-BA02-4CE1-BD87-B5ACCD4462A7}"
EndProject
Project("{FAE04EC0-301F-11D3-BF4B-00C04F79EFBC}") = "WeatherService.Tests", "WeatherService.Tests\WeatherService.Tests.csproj", "{56EC081C-487B-4926-8F0F-AEA46DE7A8A0}"
EndProject
Global
	GlobalSection(SolutionConfigurationPlatforms) = preSolution
		Debug|Any CPU = Debug|Any CPU
		Release|Any CPU = Release|Any CPU
	EndGlobalSection
	GlobalSection(SolutionProperties) = preSolution
		HideSolutionNode = FALSE
	EndGlobalSection
	GlobalSection(ProjectConfigurationPlatforms) = postSolution
		{D46D054D-1476-48C1-A479-3BF575F5DD7C}.Debug|Any CPU.ActiveCfg = Debug|Any CPU
		{D46D054D-1476-48C1-A479-3BF575F5DD7C}.Debug|Any CPU.Build.0 = Debug|Any CPU
		{D46D054D-1476-48C1-A479-3BF575F5DD7C}.Release|Any CPU.ActiveCfg = Release|Any CPU
		{D46D054D-1476-48C1-A479-3BF575F5DD7C}.Release|Any CPU.Build.0 = Release|Any CPU
		{9C366F36-7E69-4B60-992D-3E4062191F47}.Debug|Any CPU.ActiveCfg = Debug|Any CPU
		{9C366F36-7E69-4B60-992D-3E4062191F47}.Debug|Any CPU.Build.0 = Debug|Any CPU
		{9C366F36-7E69-4B60-992D-3E4062191F47}.Release|Any CPU.ActiveCfg = Release|Any CPU
		{9C366F36-7E69-4B60-992D-3E4062191F47}.Release|Any CPU.Build.0 = Release|Any CPU
		{50B9786A-BA02-4CE1-BD87-B5ACCD4462A7}.Debug|Any CPU.ActiveCfg = Debug|Any CPU
		{50B9786A-BA02-4CE1-BD87-B5ACCD4462A7}.Debug|Any CPU.Build.0 = Debug|Any CPU
		{50B9786A-BA02-4CE1-BD87-B5ACCD4462A7}.Release|Any CPU.ActiveCfg = Release|Any CPU
		{50B9786A-BA02-4CE1-BD87-B5ACCD4462A7}.Release|Any CPU.Build.0 = Release|Any CPU
		{56EC081C-487B-4926-8F0F-AEA46DE7A8A0}.Debug|Any CPU.ActiveCfg = Debug|Any CPU
		{56EC081C-487B-4926-8F0F-AEA46DE7A8A0}.Debug|Any CPU.Build.0 = Debug|Any CPU
		{56EC081C-487B-4926-8F0F-AEA46DE7A8A0}.Release|Any CPU.ActiveCfg = Release|Any CPU
		{56EC081C-487B-4926-8F0F-AEA46DE7A8A0}.Release|Any CPU.Build.0 = Release|Any CPU
	EndGlobalSection
EndGlobal
